
Microsoft Visual Studio Solution File, Format Version 12.00
# Visual Studio Version 16
VisualStudioVersion = 16.0.30406.217
MinimumVisualStudioVersion = 10.0.40219.1
Project("{FAE04EC0-301F-11D3-BF4B-00C04F79EFBC}") = "RevFlix.Client", "RevFlix.Client\RevFlix.Client.csproj", "{21CA116E-5C5B-4B40-A3F9-068A6E49470D}"
EndProject
Project("{FAE04EC0-301F-11D3-BF4B-00C04F79EFBC}") = "RevFlix.Service", "RevFlix.Service\RevFlix.Service.csproj", "{E36DDAC9-0508-419D-A29A-317E37EDBFB6}"
EndProject
Project("{FAE04EC0-301F-11D3-BF4B-00C04F79EFBC}") = "RevFlix.Testing", "RevFlix.Testing\RevFlix.Testing.csproj", "{61B2A302-CDA9-475F-AD5D-85559143FBED}"
EndProject
Global
	GlobalSection(SolutionConfigurationPlatforms) = preSolution
		Debug|Any CPU = Debug|Any CPU
		Release|Any CPU = Release|Any CPU
	EndGlobalSection
	GlobalSection(ProjectConfigurationPlatforms) = postSolution
		{21CA116E-5C5B-4B40-A3F9-068A6E49470D}.Debug|Any CPU.ActiveCfg = Debug|Any CPU
		{21CA116E-5C5B-4B40-A3F9-068A6E49470D}.Debug|Any CPU.Build.0 = Debug|Any CPU
		{21CA116E-5C5B-4B40-A3F9-068A6E49470D}.Release|Any CPU.ActiveCfg = Release|Any CPU
		{21CA116E-5C5B-4B40-A3F9-068A6E49470D}.Release|Any CPU.Build.0 = Release|Any CPU
		{E36DDAC9-0508-419D-A29A-317E37EDBFB6}.Debug|Any CPU.ActiveCfg = Debug|Any CPU
		{E36DDAC9-0508-419D-A29A-317E37EDBFB6}.Debug|Any CPU.Build.0 = Debug|Any CPU
		{E36DDAC9-0508-419D-A29A-317E37EDBFB6}.Release|Any CPU.ActiveCfg = Release|Any CPU
		{E36DDAC9-0508-419D-A29A-317E37EDBFB6}.Release|Any CPU.Build.0 = Release|Any CPU
		{61B2A302-CDA9-475F-AD5D-85559143FBED}.Debug|Any CPU.ActiveCfg = Debug|Any CPU
		{61B2A302-CDA9-475F-AD5D-85559143FBED}.Debug|Any CPU.Build.0 = Debug|Any CPU
		{61B2A302-CDA9-475F-AD5D-85559143FBED}.Release|Any CPU.ActiveCfg = Release|Any CPU
		{61B2A302-CDA9-475F-AD5D-85559143FBED}.Release|Any CPU.Build.0 = Release|Any CPU
	EndGlobalSection
	GlobalSection(SolutionProperties) = preSolution
		HideSolutionNode = FALSE
	EndGlobalSection
	GlobalSection(ExtensibilityGlobals) = postSolution
		SolutionGuid = {E206161A-04C6-43BE-A602-052B3B95C960}
	EndGlobalSection
EndGlobal
